
Microsoft Visual Studio Solution File, Format Version 12.00
# Visual Studio Version 16
VisualStudioVersion = 16.0.30503.244
MinimumVisualStudioVersion = 10.0.40219.1
Project("{9092AA53-FB77-4645-B42D-1CCCA6BD08BD}") = "Assignment2", "Assignment2.njsproj", "{A8BF6151-94D3-48ED-A62A-36BA1B6B9CE1}"
EndProject
Global
	GlobalSection(SolutionConfigurationPlatforms) = preSolution
		Debug|Any CPU = Debug|Any CPU
		Release|Any CPU = Release|Any CPU
	EndGlobalSection
	GlobalSection(ProjectConfigurationPlatforms) = postSolution
		{A8BF6151-94D3-48ED-A62A-36BA1B6B9CE1}.Debug|Any CPU.ActiveCfg = Debug|Any CPU
		{A8BF6151-94D3-48ED-A62A-36BA1B6B9CE1}.Debug|Any CPU.Build.0 = Debug|Any CPU
		{A8BF6151-94D3-48ED-A62A-36BA1B6B9CE1}.Release|Any CPU.ActiveCfg = Release|Any CPU
		{A8BF6151-94D3-48ED-A62A-36BA1B6B9CE1}.Release|Any CPU.Build.0 = Release|Any CPU
	EndGlobalSection
	GlobalSection(SolutionProperties) = preSolution
		HideSolutionNode = FALSE
	EndGlobalSection
	GlobalSection(ExtensibilityGlobals) = postSolution
		SolutionGuid = {952AB0E6-BBEB-4FCE-B67B-3F0E4B43A329}
	EndGlobalSection
EndGlobal
